
Microsoft Visual Studio Solution File, Format Version 12.00
# Visual Studio Version 17
VisualStudioVersion = 17.11.35312.102
MinimumVisualStudioVersion = 10.0.40219.1
Project("{FAE04EC0-301F-11D3-BF4B-00C04F79EFBC}") = "Ejercicio01", "Ejercicio01\Ejercicio01.csproj", "{0F29032C-5C44-4C52-BA53-79EAFE90C702}"
EndProject
Project("{FAE04EC0-301F-11D3-BF4B-00C04F79EFBC}") = "Ejercicio02", "Ejercicio02\Ejercicio02.csproj", "{5DD43271-70D5-4859-91BD-E57CDC9FD6EA}"
EndProject
Global
	GlobalSection(SolutionConfigurationPlatforms) = preSolution
		Debug|Any CPU = Debug|Any CPU
		Release|Any CPU = Release|Any CPU
	EndGlobalSection
	GlobalSection(ProjectConfigurationPlatforms) = postSolution
		{0F29032C-5C44-4C52-BA53-79EAFE90C702}.Debug|Any CPU.ActiveCfg = Debug|Any CPU
		{0F29032C-5C44-4C52-BA53-79EAFE90C702}.Debug|Any CPU.Build.0 = Debug|Any CPU
		{0F29032C-5C44-4C52-BA53-79EAFE90C702}.Release|Any CPU.ActiveCfg = Release|Any CPU
		{0F29032C-5C44-4C52-BA53-79EAFE90C702}.Release|Any CPU.Build.0 = Release|Any CPU
		{5DD43271-70D5-4859-91BD-E57CDC9FD6EA}.Debug|Any CPU.ActiveCfg = Debug|Any CPU
		{5DD43271-70D5-4859-91BD-E57CDC9FD6EA}.Debug|Any CPU.Build.0 = Debug|Any CPU
		{5DD43271-70D5-4859-91BD-E57CDC9FD6EA}.Release|Any CPU.ActiveCfg = Release|Any CPU
		{5DD43271-70D5-4859-91BD-E57CDC9FD6EA}.Release|Any CPU.Build.0 = Release|Any CPU
	EndGlobalSection
	GlobalSection(SolutionProperties) = preSolution
		HideSolutionNode = FALSE
	EndGlobalSection
	GlobalSection(ExtensibilityGlobals) = postSolution
		SolutionGuid = {E070B112-7185-4FE6-9565-ADCFB25C37CD}
	EndGlobalSection
EndGlobal
