
Microsoft Visual Studio Solution File, Format Version 12.00
# Visual Studio Version 17
VisualStudioVersion = 17.11.35312.102
MinimumVisualStudioVersion = 10.0.40219.1
Project("{9A19103F-16F7-4668-BE54-9A1E7A4F7556}") = "Prueba", "Prueba\Prueba.csproj", "{AC04304E-AE8D-4DAD-83DC-F868AFB10B6C}"
EndProject
Project("{FAE04EC0-301F-11D3-BF4B-00C04F79EFBC}") = "Ejercicio01_02", "Ejercicio01_02\Ejercicio01_02.csproj", "{F381E852-D3EF-4A93-93F3-7D0A25A7E60A}"
EndProject
Project("{FAE04EC0-301F-11D3-BF4B-00C04F79EFBC}") = "Ejercicio03", "Ejercicio03\Ejercicio03.csproj", "{2F0BC092-ED1B-413E-9D37-8AB162B9771C}"
EndProject
Project("{FAE04EC0-301F-11D3-BF4B-00C04F79EFBC}") = "Ejercicio04", "Ejercicio04\Ejercicio04.csproj", "{1CF7B861-A01D-41DB-9E4C-7381CCC6685B}"
EndProject
Global
	GlobalSection(SolutionConfigurationPlatforms) = preSolution
		Debug|Any CPU = Debug|Any CPU
		Release|Any CPU = Release|Any CPU
	EndGlobalSection
	GlobalSection(ProjectConfigurationPlatforms) = postSolution
		{AC04304E-AE8D-4DAD-83DC-F868AFB10B6C}.Debug|Any CPU.ActiveCfg = Debug|Any CPU
		{AC04304E-AE8D-4DAD-83DC-F868AFB10B6C}.Debug|Any CPU.Build.0 = Debug|Any CPU
		{AC04304E-AE8D-4DAD-83DC-F868AFB10B6C}.Release|Any CPU.ActiveCfg = Release|Any CPU
		{AC04304E-AE8D-4DAD-83DC-F868AFB10B6C}.Release|Any CPU.Build.0 = Release|Any CPU
		{F381E852-D3EF-4A93-93F3-7D0A25A7E60A}.Debug|Any CPU.ActiveCfg = Debug|Any CPU
		{F381E852-D3EF-4A93-93F3-7D0A25A7E60A}.Debug|Any CPU.Build.0 = Debug|Any CPU
		{F381E852-D3EF-4A93-93F3-7D0A25A7E60A}.Release|Any CPU.ActiveCfg = Release|Any CPU
		{F381E852-D3EF-4A93-93F3-7D0A25A7E60A}.Release|Any CPU.Build.0 = Release|Any CPU
		{2F0BC092-ED1B-413E-9D37-8AB162B9771C}.Debug|Any CPU.ActiveCfg = Debug|Any CPU
		{2F0BC092-ED1B-413E-9D37-8AB162B9771C}.Debug|Any CPU.Build.0 = Debug|Any CPU
		{2F0BC092-ED1B-413E-9D37-8AB162B9771C}.Release|Any CPU.ActiveCfg = Release|Any CPU
		{2F0BC092-ED1B-413E-9D37-8AB162B9771C}.Release|Any CPU.Build.0 = Release|Any CPU
		{1CF7B861-A01D-41DB-9E4C-7381CCC6685B}.Debug|Any CPU.ActiveCfg = Debug|Any CPU
		{1CF7B861-A01D-41DB-9E4C-7381CCC6685B}.Debug|Any CPU.Build.0 = Debug|Any CPU
		{1CF7B861-A01D-41DB-9E4C-7381CCC6685B}.Release|Any CPU.ActiveCfg = Release|Any CPU
		{1CF7B861-A01D-41DB-9E4C-7381CCC6685B}.Release|Any CPU.Build.0 = Release|Any CPU
	EndGlobalSection
	GlobalSection(SolutionProperties) = preSolution
		HideSolutionNode = FALSE
	EndGlobalSection
	GlobalSection(ExtensibilityGlobals) = postSolution
		SolutionGuid = {61C23C2A-CACB-4533-A3FF-C371DF91E7B6}
	EndGlobalSection
EndGlobal
